
Microsoft Visual Studio Solution File, Format Version 12.00
Project("{F2A71F9B-5D33-465A-A702-920D77279786}") = "AdventOfCode", "AdventOfCode\AdventOfCode.fsproj", "{F1136110-BE8B-4A2F-91C5-867B3D6A13D9}"
EndProject
Global
	GlobalSection(SolutionConfigurationPlatforms) = preSolution
		Debug|Any CPU = Debug|Any CPU
		Release|Any CPU = Release|Any CPU
	EndGlobalSection
	GlobalSection(ProjectConfigurationPlatforms) = postSolution
		{F1136110-BE8B-4A2F-91C5-867B3D6A13D9}.Debug|Any CPU.ActiveCfg = Debug|Any CPU
		{F1136110-BE8B-4A2F-91C5-867B3D6A13D9}.Debug|Any CPU.Build.0 = Debug|Any CPU
		{F1136110-BE8B-4A2F-91C5-867B3D6A13D9}.Release|Any CPU.ActiveCfg = Release|Any CPU
		{F1136110-BE8B-4A2F-91C5-867B3D6A13D9}.Release|Any CPU.Build.0 = Release|Any CPU
	EndGlobalSection
EndGlobal
